// !$*UTF8*$!
{
	archiveVersion = 1;
	classes = {
	};
	objectVersion = 46;
	objects = {

/* Begin PBXBuildFile section */
		52563FA81984B086004F400B /* Foundation.framework in Frameworks */ = {isa = PBXBuildFile; fileRef = 52563FA71984B086004F400B /* Foundation.framework */; };
		52563FAA1984B086004F400B /* CoreGraphics.framework in Frameworks */ = {isa = PBXBuildFile; fileRef = 52563FA91984B086004F400B /* CoreGraphics.framework */; };
		52563FAC1984B086004F400B /* UIKit.framework in Frameworks */ = {isa = PBXBuildFile; fileRef = 52563FAB1984B086004F400B /* UIKit.framework */; };
		52563FB21984B086004F400B /* InfoPlist.strings in Resources */ = {isa = PBXBuildFile; fileRef = 52563FB01984B086004F400B /* InfoPlist.strings */; };
		52563FB41984B086004F400B /* main.m in Sources */ = {isa = PBXBuildFile; fileRef = 52563FB31984B086004F400B /* main.m */; };
		52563FB81984B086004F400B /* IPAppDelegate.m in Sources */ = {isa = PBXBuildFile; fileRef = 52563FB71984B086004F400B /* IPAppDelegate.m */; };
		52563FBB1984B086004F400B /* Main_iPhone.storyboard in Resources */ = {isa = PBXBuildFile; fileRef = 52563FB91984B086004F400B /* Main_iPhone.storyboard */; };
		52563FC11984B086004F400B /* IPFirstViewController.m in Sources */ = {isa = PBXBuildFile; fileRef = 52563FC01984B086004F400B /* IPFirstViewController.m */; };
		52563FC41984B086004F400B /* IPSecondViewController.m in Sources */ = {isa = PBXBuildFile; fileRef = 52563FC31984B086004F400B /* IPSecondViewController.m */; };
		52563FC61984B086004F400B /* Images.xcassets in Resources */ = {isa = PBXBuildFile; fileRef = 52563FC51984B086004F400B /* Images.xcassets */; };
		52563FCD1984B086004F400B /* XCTest.framework in Frameworks */ = {isa = PBXBuildFile; fileRef = 52563FCC1984B086004F400B /* XCTest.framework */; };
		52563FCE1984B086004F400B /* Foundation.framework in Frameworks */ = {isa = PBXBuildFile; fileRef = 52563FA71984B086004F400B /* Foundation.framework */; };
		52563FCF1984B086004F400B /* UIKit.framework in Frameworks */ = {isa = PBXBuildFile; fileRef = 52563FAB1984B086004F400B /* UIKit.framework */; };
		52563FD71984B086004F400B /* InfoPlist.strings in Resources */ = {isa = PBXBuildFile; fileRef = 52563FD51984B086004F400B /* InfoPlist.strings */; };
		52563FD91984B086004F400B /* ImpulseTests.m in Sources */ = {isa = PBXBuildFile; fileRef = 52563FD81984B086004F400B /* ImpulseTests.m */; };
		52563FE41984B0E5004F400B /* IPOpeningViewController.m in Sources */ = {isa = PBXBuildFile; fileRef = 52563FE31984B0E5004F400B /* IPOpeningViewController.m */; };
		52563FE71984B24D004F400B /* impulse_logo.png in Resources */ = {isa = PBXBuildFile; fileRef = 52563FE61984B24D004F400B /* impulse_logo.png */; };
		52563FE91984B2D2004F400B /* btn_facebook.png in Resources */ = {isa = PBXBuildFile; fileRef = 52563FE81984B2D2004F400B /* btn_facebook.png */; };
		52563FEB1984C393004F400B /* imgres.jpg in Resources */ = {isa = PBXBuildFile; fileRef = 52563FEA1984C393004F400B /* imgres.jpg */; };
		52563FED1984C3D8004F400B /* btn_cancel.png in Resources */ = {isa = PBXBuildFile; fileRef = 52563FEC1984C3D8004F400B /* btn_cancel.png */; };
		52563FEF1984C3EC004F400B /* btn_buy.png in Resources */ = {isa = PBXBuildFile; fileRef = 52563FEE1984C3EC004F400B /* btn_buy.png */; };
		52563FF11984C891004F400B /* url.jpg in Resources */ = {isa = PBXBuildFile; fileRef = 52563FF01984C891004F400B /* url.jpg */; };
		52563FF31984CA52004F400B /* imgres-1.jpg in Resources */ = {isa = PBXBuildFile; fileRef = 52563FF21984CA52004F400B /* imgres-1.jpg */; };
		52563FF51984CA57004F400B /* imgres-2.jpg in Resources */ = {isa = PBXBuildFile; fileRef = 52563FF41984CA57004F400B /* imgres-2.jpg */; };
		52563FF81984D8CB004F400B /* IPConstants.m in Sources */ = {isa = PBXBuildFile; fileRef = 52563FF71984D8CB004F400B /* IPConstants.m */; };
		5256400D1984DEE7004F400B /* AFHTTPRequestOperation.m in Sources */ = {isa = PBXBuildFile; fileRef = 52563FFB1984DEE7004F400B /* AFHTTPRequestOperation.m */; };
		5256400E1984DEE7004F400B /* AFHTTPRequestOperationManager.m in Sources */ = {isa = PBXBuildFile; fileRef = 52563FFD1984DEE7004F400B /* AFHTTPRequestOperationManager.m */; };
		5256400F1984DEE7004F400B /* AFHTTPSessionManager.m in Sources */ = {isa = PBXBuildFile; fileRef = 52563FFF1984DEE7004F400B /* AFHTTPSessionManager.m */; };
		525640101984DEE7004F400B /* AFNetworkReachabilityManager.m in Sources */ = {isa = PBXBuildFile; fileRef = 525640021984DEE7004F400B /* AFNetworkReachabilityManager.m */; };
		525640111984DEE7004F400B /* AFSecurityPolicy.m in Sources */ = {isa = PBXBuildFile; fileRef = 525640041984DEE7004F400B /* AFSecurityPolicy.m */; };
		525640121984DEE7004F400B /* AFURLConnectionOperation.m in Sources */ = {isa = PBXBuildFile; fileRef = 525640061984DEE7004F400B /* AFURLConnectionOperation.m */; };
		525640131984DEE7004F400B /* AFURLRequestSerialization.m in Sources */ = {isa = PBXBuildFile; fileRef = 525640081984DEE7004F400B /* AFURLRequestSerialization.m */; };
		525640141984DEE7004F400B /* AFURLResponseSerialization.m in Sources */ = {isa = PBXBuildFile; fileRef = 5256400A1984DEE7004F400B /* AFURLResponseSerialization.m */; };
		525640151984DEE7004F400B /* AFURLSessionManager.m in Sources */ = {isa = PBXBuildFile; fileRef = 5256400C1984DEE7004F400B /* AFURLSessionManager.m */; };
		5256401819850123004F400B /* IPImageView.m in Sources */ = {isa = PBXBuildFile; fileRef = 5256401719850123004F400B /* IPImageView.m */; };
/* End PBXBuildFile section */

/* Begin PBXContainerItemProxy section */
		52563FD01984B086004F400B /* PBXContainerItemProxy */ = {
			isa = PBXContainerItemProxy;
			containerPortal = 52563F9C1984B086004F400B /* Project object */;
			proxyType = 1;
			remoteGlobalIDString = 52563FA31984B086004F400B;
			remoteInfo = Impulse;
		};
/* End PBXContainerItemProxy section */

/* Begin PBXFileReference section */
		52563FA41984B086004F400B /* Impulse.app */ = {isa = PBXFileReference; explicitFileType = wrapper.application; includeInIndex = 0; path = Impulse.app; sourceTree = BUILT_PRODUCTS_DIR; };
		52563FA71984B086004F400B /* Foundation.framework */ = {isa = PBXFileReference; lastKnownFileType = wrapper.framework; name = Foundation.framework; path = System/Library/Frameworks/Foundation.framework; sourceTree = SDKROOT; };
		52563FA91984B086004F400B /* CoreGraphics.framework */ = {isa = PBXFileReference; lastKnownFileType = wrapper.framework; name = CoreGraphics.framework; path = System/Library/Frameworks/CoreGraphics.framework; sourceTree = SDKROOT; };
		52563FAB1984B086004F400B /* UIKit.framework */ = {isa = PBXFileReference; lastKnownFileType = wrapper.framework; name = UIKit.framework; path = System/Library/Frameworks/UIKit.framework; sourceTree = SDKROOT; };
		52563FAF1984B086004F400B /* Impulse-Info.plist */ = {isa = PBXFileReference; lastKnownFileType = text.plist.xml; path = "Impulse-Info.plist"; sourceTree = "<group>"; };
		52563FB11984B086004F400B /* en */ = {isa = PBXFileReference; lastKnownFileType = text.plist.strings; name = en; path = en.lproj/InfoPlist.strings; sourceTree = "<group>"; };
		52563FB31984B086004F400B /* main.m */ = {isa = PBXFileReference; lastKnownFileType = sourcecode.c.objc; path = main.m; sourceTree = "<group>"; };
		52563FB51984B086004F400B /* Impulse-Prefix.pch */ = {isa = PBXFileReference; lastKnownFileType = sourcecode.c.h; path = "Impulse-Prefix.pch"; sourceTree = "<group>"; };
		52563FB61984B086004F400B /* IPAppDelegate.h */ = {isa = PBXFileReference; lastKnownFileType = sourcecode.c.h; path = IPAppDelegate.h; sourceTree = "<group>"; };
		52563FB71984B086004F400B /* IPAppDelegate.m */ = {isa = PBXFileReference; lastKnownFileType = sourcecode.c.objc; path = IPAppDelegate.m; sourceTree = "<group>"; };
		52563FBA1984B086004F400B /* Base */ = {isa = PBXFileReference; lastKnownFileType = file.storyboard; name = Base; path = Base.lproj/Main_iPhone.storyboard; sourceTree = "<group>"; };
		52563FBF1984B086004F400B /* IPFirstViewController.h */ = {isa = PBXFileReference; lastKnownFileType = sourcecode.c.h; path = IPFirstViewController.h; sourceTree = "<group>"; };
		52563FC01984B086004F400B /* IPFirstViewController.m */ = {isa = PBXFileReference; lastKnownFileType = sourcecode.c.objc; path = IPFirstViewController.m; sourceTree = "<group>"; };
		52563FC21984B086004F400B /* IPSecondViewController.h */ = {isa = PBXFileReference; lastKnownFileType = sourcecode.c.h; path = IPSecondViewController.h; sourceTree = "<group>"; };
		52563FC31984B086004F400B /* IPSecondViewController.m */ = {isa = PBXFileReference; lastKnownFileType = sourcecode.c.objc; path = IPSecondViewController.m; sourceTree = "<group>"; };
		52563FC51984B086004F400B /* Images.xcassets */ = {isa = PBXFileReference; lastKnownFileType = folder.assetcatalog; path = Images.xcassets; sourceTree = "<group>"; };
		52563FCB1984B086004F400B /* ImpulseTests.xctest */ = {isa = PBXFileReference; explicitFileType = wrapper.cfbundle; includeInIndex = 0; path = ImpulseTests.xctest; sourceTree = BUILT_PRODUCTS_DIR; };
		52563FCC1984B086004F400B /* XCTest.framework */ = {isa = PBXFileReference; lastKnownFileType = wrapper.framework; name = XCTest.framework; path = Library/Frameworks/XCTest.framework; sourceTree = DEVELOPER_DIR; };
		52563FD41984B086004F400B /* ImpulseTests-Info.plist */ = {isa = PBXFileReference; lastKnownFileType = text.plist.xml; path = "ImpulseTests-Info.plist"; sourceTree = "<group>"; };
		52563FD61984B086004F400B /* en */ = {isa = PBXFileReference; lastKnownFileType = text.plist.strings; name = en; path = en.lproj/InfoPlist.strings; sourceTree = "<group>"; };
		52563FD81984B086004F400B /* ImpulseTests.m */ = {isa = PBXFileReference; lastKnownFileType = sourcecode.c.objc; path = ImpulseTests.m; sourceTree = "<group>"; };
		52563FE21984B0E5004F400B /* IPOpeningViewController.h */ = {isa = PBXFileReference; fileEncoding = 4; lastKnownFileType = sourcecode.c.h; path = IPOpeningViewController.h; sourceTree = "<group>"; };
		52563FE31984B0E5004F400B /* IPOpeningViewController.m */ = {isa = PBXFileReference; fileEncoding = 4; lastKnownFileType = sourcecode.c.objc; path = IPOpeningViewController.m; sourceTree = "<group>"; };
		52563FE61984B24D004F400B /* impulse_logo.png */ = {isa = PBXFileReference; lastKnownFileType = image.png; path = impulse_logo.png; sourceTree = "<group>"; };
		52563FE81984B2D2004F400B /* btn_facebook.png */ = {isa = PBXFileReference; lastKnownFileType = image.png; path = btn_facebook.png; sourceTree = "<group>"; };
		52563FEA1984C393004F400B /* imgres.jpg */ = {isa = PBXFileReference; lastKnownFileType = image.jpeg; path = imgres.jpg; sourceTree = "<group>"; };
		52563FEC1984C3D8004F400B /* btn_cancel.png */ = {isa = PBXFileReference; lastKnownFileType = image.png; path = btn_cancel.png; sourceTree = "<group>"; };
		52563FEE1984C3EC004F400B /* btn_buy.png */ = {isa = PBXFileReference; lastKnownFileType = image.png; path = btn_buy.png; sourceTree = "<group>"; };
		52563FF01984C891004F400B /* url.jpg */ = {isa = PBXFileReference; lastKnownFileType = image.jpeg; path = url.jpg; sourceTree = "<group>"; };
		52563FF21984CA52004F400B /* imgres-1.jpg */ = {isa = PBXFileReference; lastKnownFileType = image.jpeg; path = "imgres-1.jpg"; sourceTree = "<group>"; };
		52563FF41984CA57004F400B /* imgres-2.jpg */ = {isa = PBXFileReference; lastKnownFileType = image.jpeg; path = "imgres-2.jpg"; sourceTree = "<group>"; };
		52563FF61984D8CB004F400B /* IPConstants.h */ = {isa = PBXFileReference; fileEncoding = 4; lastKnownFileType = sourcecode.c.h; path = IPConstants.h; sourceTree = "<group>"; };
		52563FF71984D8CB004F400B /* IPConstants.m */ = {isa = PBXFileReference; fileEncoding = 4; lastKnownFileType = sourcecode.c.objc; path = IPConstants.m; sourceTree = "<group>"; };
		52563FFA1984DEE7004F400B /* AFHTTPRequestOperation.h */ = {isa = PBXFileReference; fileEncoding = 4; lastKnownFileType = sourcecode.c.h; path = AFHTTPRequestOperation.h; sourceTree = "<group>"; };
		52563FFB1984DEE7004F400B /* AFHTTPRequestOperation.m */ = {isa = PBXFileReference; fileEncoding = 4; lastKnownFileType = sourcecode.c.objc; path = AFHTTPRequestOperation.m; sourceTree = "<group>"; };
		52563FFC1984DEE7004F400B /* AFHTTPRequestOperationManager.h */ = {isa = PBXFileReference; fileEncoding = 4; lastKnownFileType = sourcecode.c.h; path = AFHTTPRequestOperationManager.h; sourceTree = "<group>"; };
		52563FFD1984DEE7004F400B /* AFHTTPRequestOperationManager.m */ = {isa = PBXFileReference; fileEncoding = 4; lastKnownFileType = sourcecode.c.objc; path = AFHTTPRequestOperationManager.m; sourceTree = "<group>"; };
		52563FFE1984DEE7004F400B /* AFHTTPSessionManager.h */ = {isa = PBXFileReference; fileEncoding = 4; lastKnownFileType = sourcecode.c.h; path = AFHTTPSessionManager.h; sourceTree = "<group>"; };
		52563FFF1984DEE7004F400B /* AFHTTPSessionManager.m */ = {isa = PBXFileReference; fileEncoding = 4; lastKnownFileType = sourcecode.c.objc; path = AFHTTPSessionManager.m; sourceTree = "<group>"; };
		525640001984DEE7004F400B /* AFNetworking.h */ = {isa = PBXFileReference; fileEncoding = 4; lastKnownFileType = sourcecode.c.h; path = AFNetworking.h; sourceTree = "<group>"; };
		525640011984DEE7004F400B /* AFNetworkReachabilityManager.h */ = {isa = PBXFileReference; fileEncoding = 4; lastKnownFileType = sourcecode.c.h; path = AFNetworkReachabilityManager.h; sourceTree = "<group>"; };
		525640021984DEE7004F400B /* AFNetworkReachabilityManager.m */ = {isa = PBXFileReference; fileEncoding = 4; lastKnownFileType = sourcecode.c.objc; path = AFNetworkReachabilityManager.m; sourceTree = "<group>"; };
		525640031984DEE7004F400B /* AFSecurityPolicy.h */ = {isa = PBXFileReference; fileEncoding = 4; lastKnownFileType = sourcecode.c.h; path = AFSecurityPolicy.h; sourceTree = "<group>"; };
		525640041984DEE7004F400B /* AFSecurityPolicy.m */ = {isa = PBXFileReference; fileEncoding = 4; lastKnownFileType = sourcecode.c.objc; path = AFSecurityPolicy.m; sourceTree = "<group>"; };
		525640051984DEE7004F400B /* AFURLConnectionOperation.h */ = {isa = PBXFileReference; fileEncoding = 4; lastKnownFileType = sourcecode.c.h; path = AFURLConnectionOperation.h; sourceTree = "<group>"; };
		525640061984DEE7004F400B /* AFURLConnectionOperation.m */ = {isa = PBXFileReference; fileEncoding = 4; lastKnownFileType = sourcecode.c.objc; path = AFURLConnectionOperation.m; sourceTree = "<group>"; };
		525640071984DEE7004F400B /* AFURLRequestSerialization.h */ = {isa = PBXFileReference; fileEncoding = 4; lastKnownFileType = sourcecode.c.h; path = AFURLRequestSerialization.h; sourceTree = "<group>"; };
		525640081984DEE7004F400B /* AFURLRequestSerialization.m */ = {isa = PBXFileReference; fileEncoding = 4; lastKnownFileType = sourcecode.c.objc; path = AFURLRequestSerialization.m; sourceTree = "<group>"; };
		525640091984DEE7004F400B /* AFURLResponseSerialization.h */ = {isa = PBXFileReference; fileEncoding = 4; lastKnownFileType = sourcecode.c.h; path = AFURLResponseSerialization.h; sourceTree = "<group>"; };
		5256400A1984DEE7004F400B /* AFURLResponseSerialization.m */ = {isa = PBXFileReference; fileEncoding = 4; lastKnownFileType = sourcecode.c.objc; path = AFURLResponseSerialization.m; sourceTree = "<group>"; };
		5256400B1984DEE7004F400B /* AFURLSessionManager.h */ = {isa = PBXFileReference; fileEncoding = 4; lastKnownFileType = sourcecode.c.h; path = AFURLSessionManager.h; sourceTree = "<group>"; };
		5256400C1984DEE7004F400B /* AFURLSessionManager.m */ = {isa = PBXFileReference; fileEncoding = 4; lastKnownFileType = sourcecode.c.objc; path = AFURLSessionManager.m; sourceTree = "<group>"; };
		5256401619850123004F400B /* IPImageView.h */ = {isa = PBXFileReference; fileEncoding = 4; lastKnownFileType = sourcecode.c.h; path = IPImageView.h; sourceTree = "<group>"; };
		5256401719850123004F400B /* IPImageView.m */ = {isa = PBXFileReference; fileEncoding = 4; lastKnownFileType = sourcecode.c.objc; path = IPImageView.m; sourceTree = "<group>"; };
/* End PBXFileReference section */

/* Begin PBXFrameworksBuildPhase section */
		52563FA11984B086004F400B /* Frameworks */ = {
			isa = PBXFrameworksBuildPhase;
			buildActionMask = 2147483647;
			files = (
				52563FAA1984B086004F400B /* CoreGraphics.framework in Frameworks */,
				52563FAC1984B086004F400B /* UIKit.framework in Frameworks */,
				52563FA81984B086004F400B /* Foundation.framework in Frameworks */,
			);
			runOnlyForDeploymentPostprocessing = 0;
		};
		52563FC81984B086004F400B /* Frameworks */ = {
			isa = PBXFrameworksBuildPhase;
			buildActionMask = 2147483647;
			files = (
				52563FCD1984B086004F400B /* XCTest.framework in Frameworks */,
				52563FCF1984B086004F400B /* UIKit.framework in Frameworks */,
				52563FCE1984B086004F400B /* Foundation.framework in Frameworks */,
			);
			runOnlyForDeploymentPostprocessing = 0;
		};
/* End PBXFrameworksBuildPhase section */

/* Begin PBXGroup section */
		52563F9B1984B086004F400B = {
			isa = PBXGroup;
			children = (
				52563FAD1984B086004F400B /* Impulse */,
				52563FD21984B086004F400B /* ImpulseTests */,
				52563FA61984B086004F400B /* Frameworks */,
				52563FA51984B086004F400B /* Products */,
			);
			sourceTree = "<group>";
		};
		52563FA51984B086004F400B /* Products */ = {
			isa = PBXGroup;
			children = (
				52563FA41984B086004F400B /* Impulse.app */,
				52563FCB1984B086004F400B /* ImpulseTests.xctest */,
			);
			name = Products;
			sourceTree = "<group>";
		};
		52563FA61984B086004F400B /* Frameworks */ = {
			isa = PBXGroup;
			children = (
				52563FA71984B086004F400B /* Foundation.framework */,
				52563FA91984B086004F400B /* CoreGraphics.framework */,
				52563FAB1984B086004F400B /* UIKit.framework */,
				52563FCC1984B086004F400B /* XCTest.framework */,
			);
			name = Frameworks;
			sourceTree = "<group>";
		};
		52563FAD1984B086004F400B /* Impulse */ = {
			isa = PBXGroup;
			children = (
				52563FB61984B086004F400B /* IPAppDelegate.h */,
				52563FB71984B086004F400B /* IPAppDelegate.m */,
				52563FB91984B086004F400B /* Main_iPhone.storyboard */,
				52563FE21984B0E5004F400B /* IPOpeningViewController.h */,
				52563FE31984B0E5004F400B /* IPOpeningViewController.m */,
				52563FBF1984B086004F400B /* IPFirstViewController.h */,
				52563FC01984B086004F400B /* IPFirstViewController.m */,
				5256401619850123004F400B /* IPImageView.h */,
				5256401719850123004F400B /* IPImageView.m */,
				52563FC21984B086004F400B /* IPSecondViewController.h */,
				52563FC31984B086004F400B /* IPSecondViewController.m */,
				52563FF61984D8CB004F400B /* IPConstants.h */,
				52563FF71984D8CB004F400B /* IPConstants.m */,
				52563FC51984B086004F400B /* Images.xcassets */,
				52563FE51984B23A004F400B /* Images */,
				52563FAE1984B086004F400B /* Supporting Files */,
			);
			path = Impulse;
			sourceTree = "<group>";
		};
		52563FAE1984B086004F400B /* Supporting Files */ = {
			isa = PBXGroup;
			children = (
				52563FF91984DEE7004F400B /* AFNetworking */,
				52563FAF1984B086004F400B /* Impulse-Info.plist */,
				52563FB01984B086004F400B /* InfoPlist.strings */,
				52563FB31984B086004F400B /* main.m */,
				52563FB51984B086004F400B /* Impulse-Prefix.pch */,
			);
			name = "Supporting Files";
			sourceTree = "<group>";
		};
		52563FD21984B086004F400B /* ImpulseTests */ = {
			isa = PBXGroup;
			children = (
				52563FD81984B086004F400B /* ImpulseTests.m */,
				52563FD31984B086004F400B /* Supporting Files */,
			);
			path = ImpulseTests;
			sourceTree = "<group>";
		};
		52563FD31984B086004F400B /* Supporting Files */ = {
			isa = PBXGroup;
			children = (
				52563FD41984B086004F400B /* ImpulseTests-Info.plist */,
				52563FD51984B086004F400B /* InfoPlist.strings */,
			);
			name = "Supporting Files";
			sourceTree = "<group>";
		};
		52563FE51984B23A004F400B /* Images */ = {
			isa = PBXGroup;
			children = (
				52563FF01984C891004F400B /* url.jpg */,
				52563FEE1984C3EC004F400B /* btn_buy.png */,
				52563FEC1984C3D8004F400B /* btn_cancel.png */,
				52563FEA1984C393004F400B /* imgres.jpg */,
				52563FF21984CA52004F400B /* imgres-1.jpg */,
				52563FF41984CA57004F400B /* imgres-2.jpg */,
				52563FE61984B24D004F400B /* impulse_logo.png */,
				52563FE81984B2D2004F400B /* btn_facebook.png */,
			);
			name = Images;
			sourceTree = "<group>";
		};
		52563FF91984DEE7004F400B /* AFNetworking */ = {
			isa = PBXGroup;
			children = (
				52563FFA1984DEE7004F400B /* AFHTTPRequestOperation.h */,
				52563FFB1984DEE7004F400B /* AFHTTPRequestOperation.m */,
				52563FFC1984DEE7004F400B /* AFHTTPRequestOperationManager.h */,
				52563FFD1984DEE7004F400B /* AFHTTPRequestOperationManager.m */,
				52563FFE1984DEE7004F400B /* AFHTTPSessionManager.h */,
				52563FFF1984DEE7004F400B /* AFHTTPSessionManager.m */,
				525640001984DEE7004F400B /* AFNetworking.h */,
				525640011984DEE7004F400B /* AFNetworkReachabilityManager.h */,
				525640021984DEE7004F400B /* AFNetworkReachabilityManager.m */,
				525640031984DEE7004F400B /* AFSecurityPolicy.h */,
				525640041984DEE7004F400B /* AFSecurityPolicy.m */,
				525640051984DEE7004F400B /* AFURLConnectionOperation.h */,
				525640061984DEE7004F400B /* AFURLConnectionOperation.m */,
				525640071984DEE7004F400B /* AFURLRequestSerialization.h */,
				525640081984DEE7004F400B /* AFURLRequestSerialization.m */,
				525640091984DEE7004F400B /* AFURLResponseSerialization.h */,
				5256400A1984DEE7004F400B /* AFURLResponseSerialization.m */,
				5256400B1984DEE7004F400B /* AFURLSessionManager.h */,
				5256400C1984DEE7004F400B /* AFURLSessionManager.m */,
			);
			path = AFNetworking;
			sourceTree = "<group>";
		};
/* End PBXGroup section */

/* Begin PBXNativeTarget section */
		52563FA31984B086004F400B /* Impulse */ = {
			isa = PBXNativeTarget;
			buildConfigurationList = 52563FDC1984B086004F400B /* Build configuration list for PBXNativeTarget "Impulse" */;
			buildPhases = (
				52563FA01984B086004F400B /* Sources */,
				52563FA11984B086004F400B /* Frameworks */,
				52563FA21984B086004F400B /* Resources */,
			);
			buildRules = (
			);
			dependencies = (
			);
			name = Impulse;
			productName = Impulse;
			productReference = 52563FA41984B086004F400B /* Impulse.app */;
			productType = "com.apple.product-type.application";
		};
		52563FCA1984B086004F400B /* ImpulseTests */ = {
			isa = PBXNativeTarget;
			buildConfigurationList = 52563FDF1984B086004F400B /* Build configuration list for PBXNativeTarget "ImpulseTests" */;
			buildPhases = (
				52563FC71984B086004F400B /* Sources */,
				52563FC81984B086004F400B /* Frameworks */,
				52563FC91984B086004F400B /* Resources */,
			);
			buildRules = (
			);
			dependencies = (
				52563FD11984B086004F400B /* PBXTargetDependency */,
			);
			name = ImpulseTests;
			productName = ImpulseTests;
			productReference = 52563FCB1984B086004F400B /* ImpulseTests.xctest */;
			productType = "com.apple.product-type.bundle.unit-test";
		};
/* End PBXNativeTarget section */

/* Begin PBXProject section */
		52563F9C1984B086004F400B /* Project object */ = {
			isa = PBXProject;
			attributes = {
				CLASSPREFIX = IP;
				LastUpgradeCheck = 0510;
				ORGANIZATIONNAME = Binder;
				TargetAttributes = {
					52563FCA1984B086004F400B = {
						TestTargetID = 52563FA31984B086004F400B;
					};
				};
			};
			buildConfigurationList = 52563F9F1984B086004F400B /* Build configuration list for PBXProject "Impulse" */;
			compatibilityVersion = "Xcode 3.2";
			developmentRegion = English;
			hasScannedForEncodings = 0;
			knownRegions = (
				en,
				Base,
			);
			mainGroup = 52563F9B1984B086004F400B;
			productRefGroup = 52563FA51984B086004F400B /* Products */;
			projectDirPath = "";
			projectRoot = "";
			targets = (
				52563FA31984B086004F400B /* Impulse */,
				52563FCA1984B086004F400B /* ImpulseTests */,
			);
		};
/* End PBXProject section */

/* Begin PBXResourcesBuildPhase section */
		52563FA21984B086004F400B /* Resources */ = {
			isa = PBXResourcesBuildPhase;
			buildActionMask = 2147483647;
			files = (
				52563FEF1984C3EC004F400B /* btn_buy.png in Resources */,
				52563FEB1984C393004F400B /* imgres.jpg in Resources */,
				52563FF31984CA52004F400B /* imgres-1.jpg in Resources */,
				52563FED1984C3D8004F400B /* btn_cancel.png in Resources */,
				52563FF51984CA57004F400B /* imgres-2.jpg in Resources */,
				52563FC61984B086004F400B /* Images.xcassets in Resources */,
				52563FBB1984B086004F400B /* Main_iPhone.storyboard in Resources */,
				52563FE71984B24D004F400B /* impulse_logo.png in Resources */,
				52563FF11984C891004F400B /* url.jpg in Resources */,
				52563FE91984B2D2004F400B /* btn_facebook.png in Resources */,
				52563FB21984B086004F400B /* InfoPlist.strings in Resources */,
			);
			runOnlyForDeploymentPostprocessing = 0;
		};
		52563FC91984B086004F400B /* Resources */ = {
			isa = PBXResourcesBuildPhase;
			buildActionMask = 2147483647;
			files = (
				52563FD71984B086004F400B /* InfoPlist.strings in Resources */,
			);
			runOnlyForDeploymentPostprocessing = 0;
		};
/* End PBXResourcesBuildPhase section */

/* Begin PBXSourcesBuildPhase section */
		52563FA01984B086004F400B /* Sources */ = {
			isa = PBXSourcesBuildPhase;
			buildActionMask = 2147483647;
			files = (
				525640151984DEE7004F400B /* AFURLSessionManager.m in Sources */,
				52563FF81984D8CB004F400B /* IPConstants.m in Sources */,
				52563FC11984B086004F400B /* IPFirstViewController.m in Sources */,
				525640101984DEE7004F400B /* AFNetworkReachabilityManager.m in Sources */,
				52563FB41984B086004F400B /* main.m in Sources */,
				525640121984DEE7004F400B /* AFURLConnectionOperation.m in Sources */,
				5256400F1984DEE7004F400B /* AFHTTPSessionManager.m in Sources */,
				525640131984DEE7004F400B /* AFURLRequestSerialization.m in Sources */,
				52563FB81984B086004F400B /* IPAppDelegate.m in Sources */,
				52563FC41984B086004F400B /* IPSecondViewController.m in Sources */,
				52563FE41984B0E5004F400B /* IPOpeningViewController.m in Sources */,
				5256400E1984DEE7004F400B /* AFHTTPRequestOperationManager.m in Sources */,
				525640111984DEE7004F400B /* AFSecurityPolicy.m in Sources */,
				525640141984DEE7004F400B /* AFURLResponseSerialization.m in Sources */,
				5256400D1984DEE7004F400B /* AFHTTPRequestOperation.m in Sources */,
				5256401819850123004F400B /* IPImageView.m in Sources */,
			);
			runOnlyForDeploymentPostprocessing = 0;
		};
		52563FC71984B086004F400B /* Sources */ = {
			isa = PBXSourcesBuildPhase;
			buildActionMask = 2147483647;
			files = (
				52563FD91984B086004F400B /* ImpulseTests.m in Sources */,
			);
			runOnlyForDeploymentPostprocessing = 0;
		};
/* End PBXSourcesBuildPhase section */

/* Begin PBXTargetDependency section */
		52563FD11984B086004F400B /* PBXTargetDependency */ = {
			isa = PBXTargetDependency;
			target = 52563FA31984B086004F400B /* Impulse */;
			targetProxy = 52563FD01984B086004F400B /* PBXContainerItemProxy */;
		};
/* End PBXTargetDependency section */

/* Begin PBXVariantGroup section */
		52563FB01984B086004F400B /* InfoPlist.strings */ = {
			isa = PBXVariantGroup;
			children = (
				52563FB11984B086004F400B /* en */,
			);
			name = InfoPlist.strings;
			sourceTree = "<group>";
		};
		52563FB91984B086004F400B /* Main_iPhone.storyboard */ = {
			isa = PBXVariantGroup;
			children = (
				52563FBA1984B086004F400B /* Base */,
			);
			name = Main_iPhone.storyboard;
			sourceTree = "<group>";
		};
		52563FD51984B086004F400B /* InfoPlist.strings */ = {
			isa = PBXVariantGroup;
			children = (
				52563FD61984B086004F400B /* en */,
			);
			name = InfoPlist.strings;
			sourceTree = "<group>";
		};
/* End PBXVariantGroup section */

/* Begin XCBuildConfiguration section */
		52563FDA1984B086004F400B /* Debug */ = {
			isa = XCBuildConfiguration;
			buildSettings = {
				ALWAYS_SEARCH_USER_PATHS = NO;
				CLANG_CXX_LANGUAGE_STANDARD = "gnu++0x";
				CLANG_CXX_LIBRARY = "libc++";
				CLANG_ENABLE_MODULES = YES;
				CLANG_ENABLE_OBJC_ARC = YES;
				CLANG_WARN_BOOL_CONVERSION = YES;
				CLANG_WARN_CONSTANT_CONVERSION = YES;
				CLANG_WARN_DIRECT_OBJC_ISA_USAGE = YES_ERROR;
				CLANG_WARN_EMPTY_BODY = YES;
				CLANG_WARN_ENUM_CONVERSION = YES;
				CLANG_WARN_INT_CONVERSION = YES;
				CLANG_WARN_OBJC_ROOT_CLASS = YES_ERROR;
				CLANG_WARN__DUPLICATE_METHOD_MATCH = YES;
				"CODE_SIGN_IDENTITY[sdk=iphoneos*]" = "iPhone Developer";
				COPY_PHASE_STRIP = NO;
				GCC_C_LANGUAGE_STANDARD = gnu99;
				GCC_DYNAMIC_NO_PIC = NO;
				GCC_OPTIMIZATION_LEVEL = 0;
				GCC_PREPROCESSOR_DEFINITIONS = (
					"DEBUG=1",
					"$(inherited)",
				);
				GCC_SYMBOLS_PRIVATE_EXTERN = NO;
				GCC_WARN_64_TO_32_BIT_CONVERSION = YES;
				GCC_WARN_ABOUT_RETURN_TYPE = YES_ERROR;
				GCC_WARN_UNDECLARED_SELECTOR = YES;
				GCC_WARN_UNINITIALIZED_AUTOS = YES_AGGRESSIVE;
				GCC_WARN_UNUSED_FUNCTION = YES;
				GCC_WARN_UNUSED_VARIABLE = YES;
				IPHONEOS_DEPLOYMENT_TARGET = 7.1;
				ONLY_ACTIVE_ARCH = YES;
				SDKROOT = iphoneos;
				TARGETED_DEVICE_FAMILY = "1,2";
			};
			name = Debug;
		};
		52563FDB1984B086004F400B /* Release */ = {
			isa = XCBuildConfiguration;
			buildSettings = {
				ALWAYS_SEARCH_USER_PATHS = NO;
				CLANG_CXX_LANGUAGE_STANDARD = "gnu++0x";
				CLANG_CXX_LIBRARY = "libc++";
				CLANG_ENABLE_MODULES = YES;
				CLANG_ENABLE_OBJC_ARC = YES;
				CLANG_WARN_BOOL_CONVERSION = YES;
				CLANG_WARN_CONSTANT_CONVERSION = YES;
				CLANG_WARN_DIRECT_OBJC_ISA_USAGE = YES_ERROR;
				CLANG_WARN_EMPTY_BODY = YES;
				CLANG_WARN_ENUM_CONVERSION = YES;
				CLANG_WARN_INT_CONVERSION = YES;
				CLANG_WARN_OBJC_ROOT_CLASS = YES_ERROR;
				CLANG_WARN__DUPLICATE_METHOD_MATCH = YES;
				"CODE_SIGN_IDENTITY[sdk=iphoneos*]" = "iPhone Developer";
				COPY_PHASE_STRIP = YES;
				ENABLE_NS_ASSERTIONS = NO;
				GCC_C_LANGUAGE_STANDARD = gnu99;
				GCC_WARN_64_TO_32_BIT_CONVERSION = YES;
				GCC_WARN_ABOUT_RETURN_TYPE = YES_ERROR;
				GCC_WARN_UNDECLARED_SELECTOR = YES;
				GCC_WARN_UNINITIALIZED_AUTOS = YES_AGGRESSIVE;
				GCC_WARN_UNUSED_FUNCTION = YES;
				GCC_WARN_UNUSED_VARIABLE = YES;
				IPHONEOS_DEPLOYMENT_TARGET = 7.1;
				SDKROOT = iphoneos;
				TARGETED_DEVICE_FAMILY = "1,2";
				VALIDATE_PRODUCT = YES;
			};
			name = Release;
		};
		52563FDD1984B086004F400B /* Debug */ = {
			isa = XCBuildConfiguration;
			buildSettings = {
				ASSETCATALOG_COMPILER_APPICON_NAME = AppIcon;
				ASSETCATALOG_COMPILER_LAUNCHIMAGE_NAME = LaunchImage;
				GCC_PRECOMPILE_PREFIX_HEADER = YES;
				GCC_PREFIX_HEADER = "Impulse/Impulse-Prefix.pch";
				INFOPLIST_FILE = "Impulse/Impulse-Info.plist";
				PRODUCT_NAME = "$(TARGET_NAME)";
				WRAPPER_EXTENSION = app;
			};
			name = Debug;
		};
		52563FDE1984B086004F400B /* Release */ = {
			isa = XCBuildConfiguration;
			buildSettings = {
				ASSETCATALOG_COMPILER_APPICON_NAME = AppIcon;
				ASSETCATALOG_COMPILER_LAUNCHIMAGE_NAME = LaunchImage;
				GCC_PRECOMPILE_PREFIX_HEADER = YES;
				GCC_PREFIX_HEADER = "Impulse/Impulse-Prefix.pch";
				INFOPLIST_FILE = "Impulse/Impulse-Info.plist";
				PRODUCT_NAME = "$(TARGET_NAME)";
				WRAPPER_EXTENSION = app;
			};
			name = Release;
		};
		52563FE01984B086004F400B /* Debug */ = {
			isa = XCBuildConfiguration;
			buildSettings = {
				BUNDLE_LOADER = "$(BUILT_PRODUCTS_DIR)/Impulse.app/Impulse";
				FRAMEWORK_SEARCH_PATHS = (
					"$(SDKROOT)/Developer/Library/Frameworks",
					"$(inherited)",
					"$(DEVELOPER_FRAMEWORKS_DIR)",
				);
				GCC_PRECOMPILE_PREFIX_HEADER = YES;
				GCC_PREFIX_HEADER = "Impulse/Impulse-Prefix.pch";
				GCC_PREPROCESSOR_DEFINITIONS = (
					"DEBUG=1",
					"$(inherited)",
				);
				INFOPLIST_FILE = "ImpulseTests/ImpulseTests-Info.plist";
				PRODUCT_NAME = "$(TARGET_NAME)";
				TEST_HOST = "$(BUNDLE_LOADER)";
				WRAPPER_EXTENSION = xctest;
			};
			name = Debug;
		};
		52563FE11984B086004F400B /* Release */ = {
			isa = XCBuildConfiguration;
			buildSettings = {
				BUNDLE_LOADER = "$(BUILT_PRODUCTS_DIR)/Impulse.app/Impulse";
				FRAMEWORK_SEARCH_PATHS = (
					"$(SDKROOT)/Developer/Library/Frameworks",
					"$(inherited)",
					"$(DEVELOPER_FRAMEWORKS_DIR)",
				);
				GCC_PRECOMPILE_PREFIX_HEADER = YES;
				GCC_PREFIX_HEADER = "Impulse/Impulse-Prefix.pch";
				INFOPLIST_FILE = "ImpulseTests/ImpulseTests-Info.plist";
				PRODUCT_NAME = "$(TARGET_NAME)";
				TEST_HOST = "$(BUNDLE_LOADER)";
				WRAPPER_EXTENSION = xctest;
			};
			name = Release;
		};
/* End XCBuildConfiguration section */

/* Begin XCConfigurationList section */
		52563F9F1984B086004F400B /* Build configuration list for PBXProject "Impulse" */ = {
			isa = XCConfigurationList;
			buildConfigurations = (
				52563FDA1984B086004F400B /* Debug */,
				52563FDB1984B086004F400B /* Release */,
			);
			defaultConfigurationIsVisible = 0;
			defaultConfigurationName = Release;
		};
		52563FDC1984B086004F400B /* Build configuration list for PBXNativeTarget "Impulse" */ = {
			isa = XCConfigurationList;
			buildConfigurations = (
				52563FDD1984B086004F400B /* Debug */,
				52563FDE1984B086004F400B /* Release */,
			);
			defaultConfigurationIsVisible = 0;
		};
		52563FDF1984B086004F400B /* Build configuration list for PBXNativeTarget "ImpulseTests" */ = {
			isa = XCConfigurationList;
			buildConfigurations = (
				52563FE01984B086004F400B /* Debug */,
				52563FE11984B086004F400B /* Release */,
			);
			defaultConfigurationIsVisible = 0;
		};
/* End XCConfigurationList section */
	};
	rootObject = 52563F9C1984B086004F400B /* Project object */;
}
